
Microsoft Visual Studio Solution File, Format Version 12.00
# Visual Studio 2012
Project("{FAE04EC0-301F-11D3-BF4B-00C04F79EFBC}") = "Creditizer", "Creditizer\Creditizer.csproj", "{1FBEC51F-F082-4BDA-9964-FDC4660C12B7}"
EndProject
Project("{FAE04EC0-301F-11D3-BF4B-00C04F79EFBC}") = "DataController", "DataController\DataController.csproj", "{FA98F865-2713-4E05-BD77-0ADCBD0C9EA1}"
EndProject
Global
	GlobalSection(SolutionConfigurationPlatforms) = preSolution
		Debug|Any CPU = Debug|Any CPU
		Release|Any CPU = Release|Any CPU
	EndGlobalSection
	GlobalSection(ProjectConfigurationPlatforms) = postSolution
		{1FBEC51F-F082-4BDA-9964-FDC4660C12B7}.Debug|Any CPU.ActiveCfg = Debug|Any CPU
		{1FBEC51F-F082-4BDA-9964-FDC4660C12B7}.Debug|Any CPU.Build.0 = Debug|Any CPU
		{1FBEC51F-F082-4BDA-9964-FDC4660C12B7}.Release|Any CPU.ActiveCfg = Release|Any CPU
		{1FBEC51F-F082-4BDA-9964-FDC4660C12B7}.Release|Any CPU.Build.0 = Release|Any CPU
		{FA98F865-2713-4E05-BD77-0ADCBD0C9EA1}.Debug|Any CPU.ActiveCfg = Debug|Any CPU
		{FA98F865-2713-4E05-BD77-0ADCBD0C9EA1}.Debug|Any CPU.Build.0 = Debug|Any CPU
		{FA98F865-2713-4E05-BD77-0ADCBD0C9EA1}.Release|Any CPU.ActiveCfg = Release|Any CPU
		{FA98F865-2713-4E05-BD77-0ADCBD0C9EA1}.Release|Any CPU.Build.0 = Release|Any CPU
	EndGlobalSection
	GlobalSection(SolutionProperties) = preSolution
		HideSolutionNode = FALSE
	EndGlobalSection
EndGlobal
